<?xml version="1.0" encoding="utf-8"?>
<Project ToolsVersion="4.0" xmlns="http://schemas.microsoft.com/developer/msbuild/2003">
  <ItemGroup>
    <Filter Include="Source Files">
      <UniqueIdentifier>{4FC737F1-C7A5-4376-A066-2A32D752A2FF}</UniqueIdentifier>
      <Extensions>cpp;c;cc;cxx;def;odl;idl;hpj;bat;asm;asmx</Extensions>
    </Filter>
    <Filter Include="Header Files">
      <UniqueIdentifier>{93995380-89BD-4b04-88EB-625FBE52EBFB}</UniqueIdentifier>
      <Extensions>h;hh;hpp;hxx;hm;inl;inc;xsd</Extensions>
    </Filter>
    <Filter Include="Solver">
      <UniqueIdentifier>{084c3d0d-7a84-4349-a0f4-529941cdde14}</UniqueIdentifier>
    </Filter>
    <Filter Include="Solver\algorithm">
      <UniqueIdentifier>{7ceac20f-c2ee-4651-a494-06c6989b7fea}</UniqueIdentifier>
    </Filter>
    <Filter Include="Solver\utility">
      <UniqueIdentifier>{632e6805-8c93-4c7f-b6ee-f29774b0c4a1}</UniqueIdentifier>
    </Filter>
    <Filter Include="Solver\data">
      <UniqueIdentifier>{fc0dff1a-34fe-47f8-ad3c-607437227b7a}</UniqueIdentifier>
    </Filter>
    <Filter Include="Solver\solver">
      <UniqueIdentifier>{9fac281a-1c8e-460c-b663-ca18f817427a}</UniqueIdentifier>
    </Filter>
    <Filter Include="Solver\algorithm\header">
      <UniqueIdentifier>{2b0bddef-16ed-4019-b3ce-06b0afdc3f49}</UniqueIdentifier>
    </Filter>
    <Filter Include="Solver\algorithm\source">
      <UniqueIdentifier>{5639e9bb-8034-4199-9cd1-b19f8941f7e4}</UniqueIdentifier>
    </Filter>
  </ItemGroup>
  <ItemGroup>
    <ClInclude Include="Simulator.h">
      <Filter>Header Files</Filter>
    </ClInclude>
    <ClInclude Include="ThreadPool.h">
      <Filter>Header Files</Filter>
    </ClInclude>
    <ClInclude Include="..\Solver\data\Auxiliary.h">
      <Filter>Solver\data</Filter>
    </ClInclude>
    <ClInclude Include="..\Solver\data\Batch.h">
      <Filter>Solver\data</Filter>
    </ClInclude>
    <ClInclude Include="..\Solver\data\Configuration.h">
      <Filter>Solver\data</Filter>
    </ClInclude>
    <ClInclude Include="..\Solver\data\Placement.h">
      <Filter>Solver\data</Filter>
    </ClInclude>
    <ClInclude Include="..\Solver\data\Problem.h">
      <Filter>Solver\data</Filter>
    </ClInclude>
    <ClInclude Include="..\Solver\utility\Config.h">
      <Filter>Solver\utility</Filter>
    </ClInclude>
    <ClInclude Include="..\Solver\utility\CsvReader.h">
      <Filter>Solver\utility</Filter>
    </ClInclude>
    <ClInclude Include="..\Solver\utility\LogSwitch.h">
      <Filter>Solver\utility</Filter>
    </ClInclude>
    <ClInclude Include="..\Solver\utility\ThreadPool.h">
      <Filter>Solver\utility</Filter>
    </ClInclude>
    <ClInclude Include="..\Solver\utility\Utility.h">
      <Filter>Solver\utility</Filter>
    </ClInclude>
    <ClInclude Include="..\Solver\Common.h">
      <Filter>Solver\solver</Filter>
    </ClInclude>
    <ClInclude Include="..\Solver\Solver.h">
      <Filter>Solver\solver</Filter>
    </ClInclude>
    <ClInclude Include="..\Solver\data\MCTNode.h">
      <Filter>Solver\data</Filter>
    </ClInclude>
    <ClInclude Include="..\Solver\algorithm\CutSearch.h">
      <Filter>Solver\algorithm\header</Filter>
    </ClInclude>
    <ClInclude Include="..\Solver\algorithm\Factory.h">
      <Filter>Solver\algorithm\header</Filter>
    </ClInclude>
    <ClInclude Include="..\Solver\algorithm\Picker.h">
      <Filter>Solver\algorithm\header</Filter>
    </ClInclude>
    <ClInclude Include="..\Solver\algorithm\PlateSearch.h">
      <Filter>Solver\algorithm\header</Filter>
    </ClInclude>
    <ClInclude Include="..\Solver\algorithm\TopSearch.h">
      <Filter>Solver\algorithm\header</Filter>
    </ClInclude>
  </ItemGroup>
  <ItemGroup>
    <ClCompile Include="Main.cpp">
      <Filter>Source Files</Filter>
    </ClCompile>
    <ClCompile Include="Simulator.cpp">
      <Filter>Source Files</Filter>
    </ClCompile>
    <ClCompile Include="..\Solver\data\Problem.cpp">
      <Filter>Solver\data</Filter>
    </ClCompile>
    <ClCompile Include="..\Solver\utility\CsvReader.cpp">
      <Filter>Solver\utility</Filter>
    </ClCompile>
    <ClCompile Include="..\Solver\utility\Utility.cpp">
      <Filter>Solver\utility</Filter>
    </ClCompile>
    <ClCompile Include="..\Solver\Solver.cpp">
      <Filter>Solver\solver</Filter>
    </ClCompile>
    <ClCompile Include="..\Solver\algorithm\CutSearch.cpp">
      <Filter>Solver\algorithm\source</Filter>
    </ClCompile>
    <ClCompile Include="..\Solver\algorithm\Factory.cpp">
      <Filter>Solver\algorithm\source</Filter>
    </ClCompile>
    <ClCompile Include="..\Solver\algorithm\Picker.cpp">
      <Filter>Solver\algorithm\source</Filter>
    </ClCompile>
    <ClCompile Include="..\Solver\algorithm\PlateSearch.cpp">
      <Filter>Solver\algorithm\source</Filter>
    </ClCompile>
    <ClCompile Include="..\Solver\algorithm\TopSearch.cpp">
      <Filter>Solver\algorithm\source</Filter>
    </ClCompile>
    <ClCompile Include="..\Solver\data\Placement.cpp">
      <Filter>Solver\data</Filter>
    </ClCompile>
  </ItemGroup>
</Project>