<?xml version="1.0" encoding="utf-8"?>
<Project ToolsVersion="4.0" xmlns="http://schemas.microsoft.com/developer/msbuild/2003">
  <ItemGroup>
    <Filter Include="Source Files">
      <UniqueIdentifier>{4FC737F1-C7A5-4376-A066-2A32D752A2FF}</UniqueIdentifier>
      <Extensions>cpp;c;cc;cxx;def;odl;idl;hpj;bat;asm;asmx</Extensions>
    </Filter>
    <Filter Include="Header Files">
      <UniqueIdentifier>{93995380-89BD-4b04-88EB-625FBE52EBFB}</UniqueIdentifier>
      <Extensions>h;hh;hpp;hxx;hm;inl;inc;xsd</Extensions>
    </Filter>
    <Filter Include="Resource Files">
      <UniqueIdentifier>{67DA6AB6-F800-4c08-8B7A-83BB121AAD01}</UniqueIdentifier>
      <Extensions>rc;ico;cur;bmp;dlg;rc2;rct;bin;rgs;gif;jpg;jpeg;jpe;resx;tiff;tif;png;wav;mfcribbon-ms</Extensions>
    </Filter>
    <Filter Include="Solver">
      <UniqueIdentifier>{084c3d0d-7a84-4349-a0f4-529941cdde14}</UniqueIdentifier>
    </Filter>
    <Filter Include="Solver\algorithm">
      <UniqueIdentifier>{7ceac20f-c2ee-4651-a494-06c6989b7fea}</UniqueIdentifier>
    </Filter>
    <Filter Include="Solver\Header Files">
      <UniqueIdentifier>{5b8fb3c1-2f52-4de0-b68d-8d88fbc408fc}</UniqueIdentifier>
    </Filter>
    <Filter Include="Solver\Source Files">
      <UniqueIdentifier>{632e6805-8c93-4c7f-b6ee-f29774b0c4a1}</UniqueIdentifier>
    </Filter>
    <Filter Include="Solver\algorithm\source">
      <UniqueIdentifier>{888bb155-35e3-49bb-9c2d-58985bf41f9b}</UniqueIdentifier>
    </Filter>
    <Filter Include="Solver\algorithm\header">
      <UniqueIdentifier>{bb8291c1-f9e4-4f2d-8d48-d6b0f6490fc9}</UniqueIdentifier>
    </Filter>
  </ItemGroup>
  <ItemGroup>
    <ClInclude Include="Simulator.h">
      <Filter>Header Files</Filter>
    </ClInclude>
    <ClInclude Include="ThreadPool.h">
      <Filter>Header Files</Filter>
    </ClInclude>
    <ClInclude Include="..\Solver\Algorithm.h">
      <Filter>Solver\algorithm\header</Filter>
    </ClInclude>
    <ClInclude Include="..\Solver\CutSearch.h">
      <Filter>Solver\algorithm\header</Filter>
    </ClInclude>
    <ClInclude Include="..\Solver\PlateSearch.h">
      <Filter>Solver\algorithm\header</Filter>
    </ClInclude>
    <ClInclude Include="..\Solver\Solver.h">
      <Filter>Solver\algorithm\header</Filter>
    </ClInclude>
    <ClInclude Include="..\Solver\Common.h">
      <Filter>Solver\Header Files</Filter>
    </ClInclude>
    <ClInclude Include="..\Solver\Config.h">
      <Filter>Solver\Header Files</Filter>
    </ClInclude>
    <ClInclude Include="..\Solver\CsvReader.h">
      <Filter>Solver\Header Files</Filter>
    </ClInclude>
    <ClInclude Include="..\Solver\LogSwitch.h">
      <Filter>Solver\Header Files</Filter>
    </ClInclude>
    <ClInclude Include="..\Solver\Problem.h">
      <Filter>Solver\Header Files</Filter>
    </ClInclude>
    <ClInclude Include="..\Solver\ThreadPool.h">
      <Filter>Solver\Header Files</Filter>
    </ClInclude>
    <ClInclude Include="..\Solver\Utility.h">
      <Filter>Solver\Header Files</Filter>
    </ClInclude>
  </ItemGroup>
  <ItemGroup>
    <ClCompile Include="Main.cpp">
      <Filter>Source Files</Filter>
    </ClCompile>
    <ClCompile Include="Simulator.cpp">
      <Filter>Source Files</Filter>
    </ClCompile>
    <ClCompile Include="..\Solver\CutSearch.cpp">
      <Filter>Solver\algorithm\source</Filter>
    </ClCompile>
    <ClCompile Include="..\Solver\PlateSearch.cpp">
      <Filter>Solver\algorithm\source</Filter>
    </ClCompile>
    <ClCompile Include="..\Solver\Solver.cpp">
      <Filter>Solver\algorithm\source</Filter>
    </ClCompile>
    <ClCompile Include="..\Solver\CsvReader.cpp">
      <Filter>Solver\Source Files</Filter>
    </ClCompile>
    <ClCompile Include="..\Solver\Problem.cpp">
      <Filter>Solver\Source Files</Filter>
    </ClCompile>
    <ClCompile Include="..\Solver\Utility.cpp">
      <Filter>Solver\Source Files</Filter>
    </ClCompile>
  </ItemGroup>
</Project>