<?xml version="1.0" encoding="utf-8"?>
<Project ToolsVersion="4.0" xmlns="http://schemas.microsoft.com/developer/msbuild/2003">
  <ItemGroup>
    <Filter Include="algorithm">
      <UniqueIdentifier>{49780e5d-020a-4f1a-8d7f-553aed1a57c6}</UniqueIdentifier>
    </Filter>
    <Filter Include="utility">
      <UniqueIdentifier>{4FC737F1-C7A5-4376-A066-2A32D752A2FF}</UniqueIdentifier>
      <Extensions>cpp;c;cc;cxx;def;odl;idl;hpj;bat;asm;asmx</Extensions>
    </Filter>
    <Filter Include="data">
      <UniqueIdentifier>{c8de0589-b4da-444f-9f65-14b593feafa1}</UniqueIdentifier>
    </Filter>
    <Filter Include="solver">
      <UniqueIdentifier>{6857f250-6a6e-41f7-acbb-1fdd518eb40c}</UniqueIdentifier>
    </Filter>
    <Filter Include="algorithm\header">
      <UniqueIdentifier>{a5d497cc-cb47-4051-838e-1afda4d02ae8}</UniqueIdentifier>
    </Filter>
    <Filter Include="algorithm\source">
      <UniqueIdentifier>{4cb9bad0-7766-47a6-b5a9-eb9e32258ed8}</UniqueIdentifier>
    </Filter>
    <Filter Include="unit_test">
      <UniqueIdentifier>{14a8fded-d3f5-4578-820a-6c643a999b33}</UniqueIdentifier>
    </Filter>
  </ItemGroup>
  <ItemGroup>
    <ClInclude Include="data\Placement.h">
      <Filter>data</Filter>
    </ClInclude>
    <ClInclude Include="data\Batch.h">
      <Filter>data</Filter>
    </ClInclude>
    <ClInclude Include="data\Auxiliary.h">
      <Filter>data</Filter>
    </ClInclude>
    <ClInclude Include="Common.h">
      <Filter>solver</Filter>
    </ClInclude>
    <ClInclude Include="utility\Config.h">
      <Filter>utility</Filter>
    </ClInclude>
    <ClInclude Include="utility\CsvReader.h">
      <Filter>utility</Filter>
    </ClInclude>
    <ClInclude Include="utility\LogSwitch.h">
      <Filter>utility</Filter>
    </ClInclude>
    <ClInclude Include="utility\ThreadPool.h">
      <Filter>utility</Filter>
    </ClInclude>
    <ClInclude Include="utility\Utility.h">
      <Filter>utility</Filter>
    </ClInclude>
    <ClInclude Include="Solver.h">
      <Filter>solver</Filter>
    </ClInclude>
    <ClInclude Include="data\Problem.h">
      <Filter>data</Filter>
    </ClInclude>
    <ClInclude Include="data\Configuration.h">
      <Filter>data</Filter>
    </ClInclude>
    <ClInclude Include="algorithm\CutSearch.h">
      <Filter>algorithm\header</Filter>
    </ClInclude>
    <ClInclude Include="algorithm\Factory.h">
      <Filter>algorithm\header</Filter>
    </ClInclude>
    <ClInclude Include="algorithm\Picker.h">
      <Filter>algorithm\header</Filter>
    </ClInclude>
    <ClInclude Include="algorithm\PlateSearch.h">
      <Filter>algorithm\header</Filter>
    </ClInclude>
    <ClInclude Include="algorithm\TopSearch.h">
      <Filter>algorithm\header</Filter>
    </ClInclude>
    <ClInclude Include="unit_test\test.h">
      <Filter>unit_test</Filter>
    </ClInclude>
    <ClInclude Include="data\PFSTree.h" />
    <ClInclude Include="data\DFSTree.h" />
  </ItemGroup>
  <ItemGroup>
    <ClCompile Include="Main.cpp">
      <Filter>solver</Filter>
    </ClCompile>
    <ClCompile Include="utility\CsvReader.cpp">
      <Filter>utility</Filter>
    </ClCompile>
    <ClCompile Include="utility\Utility.cpp">
      <Filter>utility</Filter>
    </ClCompile>
    <ClCompile Include="Solver.cpp">
      <Filter>solver</Filter>
    </ClCompile>
    <ClCompile Include="data\Problem.cpp">
      <Filter>data</Filter>
    </ClCompile>
    <ClCompile Include="algorithm\CutSearch.cpp">
      <Filter>algorithm\source</Filter>
    </ClCompile>
    <ClCompile Include="algorithm\Factory.cpp">
      <Filter>algorithm\source</Filter>
    </ClCompile>
    <ClCompile Include="algorithm\Picker.cpp">
      <Filter>algorithm\source</Filter>
    </ClCompile>
    <ClCompile Include="algorithm\PlateSearch.cpp">
      <Filter>algorithm\source</Filter>
    </ClCompile>
    <ClCompile Include="algorithm\TopSearch.cpp">
      <Filter>algorithm\source</Filter>
    </ClCompile>
    <ClCompile Include="data\Placement.cpp">
      <Filter>data</Filter>
    </ClCompile>
    <ClCompile Include="unit_test\test.cpp">
      <Filter>unit_test</Filter>
    </ClCompile>
  </ItemGroup>
</Project>